
Microsoft Visual Studio Solution File, Format Version 12.00
# Visual Studio Version 16
VisualStudioVersion = 16.0.30711.63
MinimumVisualStudioVersion = 10.0.40219.1
Project("{2150E333-8FDC-42A3-9474-1A3956D46DE8}") = "Domain", "Domain", "{631F2078-490B-494C-9B91-CCE2918E961D}"
EndProject
Project("{2150E333-8FDC-42A3-9474-1A3956D46DE8}") = "Web", "Web", "{5FFDF28F-D695-4BC8-963E-DF6CEA376900}"
EndProject
Project("{2150E333-8FDC-42A3-9474-1A3956D46DE8}") = "Core", "Core", "{B3BCD876-006A-4D1E-ABCE-6FFA43FA6362}"
EndProject
Project("{2150E333-8FDC-42A3-9474-1A3956D46DE8}") = "DataAccess", "DataAccess", "{C420A1F1-6F82-49A3-9670-C6EDAB779D0C}"
EndProject
Project("{9A19103F-16F7-4668-BE54-9A1E7A4F7556}") = "LFM.Core.Common", "Core\LFM.Core.Common\LFM.Core.Common.csproj", "{35913D45-D258-45A3-A1C9-BD9F36CA33C6}"
EndProject
Project("{9A19103F-16F7-4668-BE54-9A1E7A4F7556}") = "Lfm.Core.Common.Web", "Core\Lfm.Core.Common.Web\Lfm.Core.Common.Web.csproj", "{6CC41813-6D83-48BD-A667-429A446BA7AB}"
EndProject
Project("{2150E333-8FDC-42A3-9474-1A3956D46DE8}") = "Applications", "Applications", "{C45E45B1-120C-443E-8B7D-79747C9B33F2}"
EndProject
Project("{9A19103F-16F7-4668-BE54-9A1E7A4F7556}") = "LFM.Web.Mvc", "Web\LFM.Web.Mvc\LFM.Web.Mvc.csproj", "{DE41D735-B23C-4B51-9AEB-958468E60328}"
EndProject
Project("{9A19103F-16F7-4668-BE54-9A1E7A4F7556}") = "Lfm.Web.Mvc.App", "Applications\Lfm.Web.Mvc.App\Lfm.Web.Mvc.App.csproj", "{5FA85229-9240-406B-8843-09BBFA6BA309}"
EndProject
Project("{9A19103F-16F7-4668-BE54-9A1E7A4F7556}") = "Lfm.Domain.Common", "Domain\Lfm.Domain.Common\Lfm.Domain.Common.csproj", "{5D586B2C-34C0-463B-AF11-04D3BD364D7F}"
EndProject
Project("{9A19103F-16F7-4668-BE54-9A1E7A4F7556}") = "LFM.DataAccess.DB.Core", "DataAccess\LFM.DataAccess.DB.Core\LFM.DataAccess.DB.Core.csproj", "{ADB64626-FDE2-4DEF-A8B6-1E0B9ECEEA0A}"
EndProject
Project("{9A19103F-16F7-4668-BE54-9A1E7A4F7556}") = "LFM.DataAccess.DB.SQLite", "DataAccess\LFM.DataAccess.DB.SQLite\LFM.DataAccess.DB.SQLite.csproj", "{B6D581FB-DCC8-426F-BF1A-78E57BB452AD}"
EndProject
Project("{2150E333-8FDC-42A3-9474-1A3956D46DE8}") = "CQRS", "CQRS", "{8F79FC23-ADB6-4A22-BEC9-412A34A43EFE}"
EndProject
Project("{9A19103F-16F7-4668-BE54-9A1E7A4F7556}") = "LFM.Domain.Read", "Domain\CQRS\LFM.Domain.Read\LFM.Domain.Read.csproj", "{82A83921-E067-4B11-9F03-43386E6A7FC2}"
EndProject
Project("{9A19103F-16F7-4668-BE54-9A1E7A4F7556}") = "LFM.Domain.Write", "Domain\CQRS\LFM.Domain.Write\LFM.Domain.Write.csproj", "{8298E5E4-14D1-4020-8703-8F3378F95317}"
EndProject
Project("{FAE04EC0-301F-11D3-BF4B-00C04F79EFBC}") = "Lfm.Web.Mvc.Models", "Applications\Lfm.Web.Mvc.Models\Lfm.Web.Mvc.Models.csproj", "{CE8C6579-341B-408A-ABF6-5EE097582CAC}"
EndProject
Project("{FAE04EC0-301F-11D3-BF4B-00C04F79EFBC}") = "Lfm.Domain.ReadModels", "Domain\CQRS\Lfm.Domain.ReadModels\Lfm.Domain.ReadModels.csproj", "{74F8D7A3-7A14-4DB8-BA00-E5AFD2469EE3}"
EndProject
Project("{2150E333-8FDC-42A3-9474-1A3956D46DE8}") = "Administration", "Administration", "{8AD19099-1741-4B75-A6EC-676925874656}"
EndProject
Project("{FAE04EC0-301F-11D3-BF4B-00C04F79EFBC}") = "Lfm.Admin.Blazor.App", "Applications\Lfm.Admin.Blazor.App\Lfm.Admin.Blazor.App.csproj", "{AEF4282A-93B3-4732-85BB-6C9C267ED0DE}"
EndProject
Project("{FAE04EC0-301F-11D3-BF4B-00C04F79EFBC}") = "Lfm.Web.Admin.Blazor", "Web\Lfm.Web.Admin.Blazor\Lfm.Web.Admin.Blazor.csproj", "{0488D330-94FB-4BF3-A978-D1FEF9275F47}"
EndProject
Project("{FAE04EC0-301F-11D3-BF4B-00C04F79EFBC}") = "Lfm.Manager.Blazor.App", "Applications\Lfm.Manager.Blazor.App\Lfm.Manager.Blazor.App.csproj", "{2182B3D1-80BE-4D6F-842C-3DF2EF924908}"
EndProject
Project("{FAE04EC0-301F-11D3-BF4B-00C04F79EFBC}") = "Lfm.Common.Blazor.App", "Applications\Lfm.Common.Blazor.App\Lfm.Common.Blazor.App.csproj", "{8CD75B53-F829-409C-B62F-8006A04999EB}"
EndProject
Project("{FAE04EC0-301F-11D3-BF4B-00C04F79EFBC}") = "Lfm.Web.Manager.Blazor", "Web\Lfm.Web.Manager.Blazor\Lfm.Web.Manager.Blazor.csproj", "{6BBA108E-0565-4BAE-908A-E55E331F35CD}"
EndProject
Project("{2150E333-8FDC-42A3-9474-1A3956D46DE8}") = "Administration", "Administration", "{A18A1D4A-A08B-4AF6-8BD5-8C032218C122}"
EndProject
Project("{FAE04EC0-301F-11D3-BF4B-00C04F79EFBC}") = "Lfm.Domain.Admin.Services", "Domain\Lfm.Domain.Admin.Services\Lfm.Domain.Admin.Services.csproj", "{06FF9C2A-7B84-4CA8-839F-80046F56F698}"
EndProject
Project("{FAE04EC0-301F-11D3-BF4B-00C04F79EFBC}") = "Lfm.Domain.Manager.Services", "Domain\Lfm.Domain.Manager.Services\Lfm.Domain.Manager.Services.csproj", "{632285CA-E3BC-48D9-845A-1D574631BE70}"
EndProject
Project("{2150E333-8FDC-42A3-9474-1A3956D46DE8}") = "Admin", "Admin", "{2EF58956-4B3A-475D-ACEF-6E565BD76BEF}"
EndProject
Project("{2150E333-8FDC-42A3-9474-1A3956D46DE8}") = "Manager", "Manager", "{2D6FD884-72B2-4DD2-8BE4-E7F40C0F630E}"
EndProject
Project("{FAE04EC0-301F-11D3-BF4B-00C04F79EFBC}") = "Lfm.Domain.Admin.Models", "Domain\Lfm.Domain.Admin.Models\Lfm.Domain.Admin.Models.csproj", "{F52D14D6-4AFE-4C2C-81CF-0603D01B0296}"
EndProject
Project("{FAE04EC0-301F-11D3-BF4B-00C04F79EFBC}") = "Lfm.Domain.Manager.Models", "Domain\Lfm.Domain.Manager.Models\Lfm.Domain.Manager.Models.csproj", "{4EF57007-76BE-4B99-96CC-9CE972627467}"
EndProject
Project("{FAE04EC0-301F-11D3-BF4B-00C04F79EFBC}") = "Lfm.Domain.Administration.Common", "Domain\Lfm.Domain.Administration.Common\Lfm.Domain.Administration.Common.csproj", "{B3F7F991-5498-41B8-AE3C-F28C959E3864}"
EndProject
Global
	GlobalSection(SolutionConfigurationPlatforms) = preSolution
		Debug|Any CPU = Debug|Any CPU
		Release|Any CPU = Release|Any CPU
	EndGlobalSection
	GlobalSection(ProjectConfigurationPlatforms) = postSolution
		{35913D45-D258-45A3-A1C9-BD9F36CA33C6}.Debug|Any CPU.ActiveCfg = Debug|Any CPU
		{35913D45-D258-45A3-A1C9-BD9F36CA33C6}.Debug|Any CPU.Build.0 = Debug|Any CPU
		{35913D45-D258-45A3-A1C9-BD9F36CA33C6}.Release|Any CPU.ActiveCfg = Release|Any CPU
		{35913D45-D258-45A3-A1C9-BD9F36CA33C6}.Release|Any CPU.Build.0 = Release|Any CPU
		{6CC41813-6D83-48BD-A667-429A446BA7AB}.Debug|Any CPU.ActiveCfg = Debug|Any CPU
		{6CC41813-6D83-48BD-A667-429A446BA7AB}.Debug|Any CPU.Build.0 = Debug|Any CPU
		{6CC41813-6D83-48BD-A667-429A446BA7AB}.Release|Any CPU.ActiveCfg = Release|Any CPU
		{6CC41813-6D83-48BD-A667-429A446BA7AB}.Release|Any CPU.Build.0 = Release|Any CPU
		{DE41D735-B23C-4B51-9AEB-958468E60328}.Debug|Any CPU.ActiveCfg = Debug|Any CPU
		{DE41D735-B23C-4B51-9AEB-958468E60328}.Debug|Any CPU.Build.0 = Debug|Any CPU
		{DE41D735-B23C-4B51-9AEB-958468E60328}.Release|Any CPU.ActiveCfg = Release|Any CPU
		{DE41D735-B23C-4B51-9AEB-958468E60328}.Release|Any CPU.Build.0 = Release|Any CPU
		{5FA85229-9240-406B-8843-09BBFA6BA309}.Debug|Any CPU.ActiveCfg = Debug|Any CPU
		{5FA85229-9240-406B-8843-09BBFA6BA309}.Debug|Any CPU.Build.0 = Debug|Any CPU
		{5FA85229-9240-406B-8843-09BBFA6BA309}.Release|Any CPU.ActiveCfg = Release|Any CPU
		{5FA85229-9240-406B-8843-09BBFA6BA309}.Release|Any CPU.Build.0 = Release|Any CPU
		{5D586B2C-34C0-463B-AF11-04D3BD364D7F}.Debug|Any CPU.ActiveCfg = Debug|Any CPU
		{5D586B2C-34C0-463B-AF11-04D3BD364D7F}.Debug|Any CPU.Build.0 = Debug|Any CPU
		{5D586B2C-34C0-463B-AF11-04D3BD364D7F}.Release|Any CPU.ActiveCfg = Release|Any CPU
		{5D586B2C-34C0-463B-AF11-04D3BD364D7F}.Release|Any CPU.Build.0 = Release|Any CPU
		{ADB64626-FDE2-4DEF-A8B6-1E0B9ECEEA0A}.Debug|Any CPU.ActiveCfg = Debug|Any CPU
		{ADB64626-FDE2-4DEF-A8B6-1E0B9ECEEA0A}.Debug|Any CPU.Build.0 = Debug|Any CPU
		{ADB64626-FDE2-4DEF-A8B6-1E0B9ECEEA0A}.Release|Any CPU.ActiveCfg = Release|Any CPU
		{ADB64626-FDE2-4DEF-A8B6-1E0B9ECEEA0A}.Release|Any CPU.Build.0 = Release|Any CPU
		{B6D581FB-DCC8-426F-BF1A-78E57BB452AD}.Debug|Any CPU.ActiveCfg = Debug|Any CPU
		{B6D581FB-DCC8-426F-BF1A-78E57BB452AD}.Debug|Any CPU.Build.0 = Debug|Any CPU
		{B6D581FB-DCC8-426F-BF1A-78E57BB452AD}.Release|Any CPU.ActiveCfg = Release|Any CPU
		{B6D581FB-DCC8-426F-BF1A-78E57BB452AD}.Release|Any CPU.Build.0 = Release|Any CPU
		{82A83921-E067-4B11-9F03-43386E6A7FC2}.Debug|Any CPU.ActiveCfg = Debug|Any CPU
		{82A83921-E067-4B11-9F03-43386E6A7FC2}.Debug|Any CPU.Build.0 = Debug|Any CPU
		{82A83921-E067-4B11-9F03-43386E6A7FC2}.Release|Any CPU.ActiveCfg = Release|Any CPU
		{82A83921-E067-4B11-9F03-43386E6A7FC2}.Release|Any CPU.Build.0 = Release|Any CPU
		{8298E5E4-14D1-4020-8703-8F3378F95317}.Debug|Any CPU.ActiveCfg = Debug|Any CPU
		{8298E5E4-14D1-4020-8703-8F3378F95317}.Debug|Any CPU.Build.0 = Debug|Any CPU
		{8298E5E4-14D1-4020-8703-8F3378F95317}.Release|Any CPU.ActiveCfg = Release|Any CPU
		{8298E5E4-14D1-4020-8703-8F3378F95317}.Release|Any CPU.Build.0 = Release|Any CPU
		{CE8C6579-341B-408A-ABF6-5EE097582CAC}.Debug|Any CPU.ActiveCfg = Debug|Any CPU
		{CE8C6579-341B-408A-ABF6-5EE097582CAC}.Debug|Any CPU.Build.0 = Debug|Any CPU
		{CE8C6579-341B-408A-ABF6-5EE097582CAC}.Release|Any CPU.ActiveCfg = Release|Any CPU
		{CE8C6579-341B-408A-ABF6-5EE097582CAC}.Release|Any CPU.Build.0 = Release|Any CPU
		{74F8D7A3-7A14-4DB8-BA00-E5AFD2469EE3}.Debug|Any CPU.ActiveCfg = Debug|Any CPU
		{74F8D7A3-7A14-4DB8-BA00-E5AFD2469EE3}.Debug|Any CPU.Build.0 = Debug|Any CPU
		{74F8D7A3-7A14-4DB8-BA00-E5AFD2469EE3}.Release|Any CPU.ActiveCfg = Release|Any CPU
		{74F8D7A3-7A14-4DB8-BA00-E5AFD2469EE3}.Release|Any CPU.Build.0 = Release|Any CPU
		{AEF4282A-93B3-4732-85BB-6C9C267ED0DE}.Debug|Any CPU.ActiveCfg = Debug|Any CPU
		{AEF4282A-93B3-4732-85BB-6C9C267ED0DE}.Debug|Any CPU.Build.0 = Debug|Any CPU
		{AEF4282A-93B3-4732-85BB-6C9C267ED0DE}.Release|Any CPU.ActiveCfg = Release|Any CPU
		{AEF4282A-93B3-4732-85BB-6C9C267ED0DE}.Release|Any CPU.Build.0 = Release|Any CPU
		{0488D330-94FB-4BF3-A978-D1FEF9275F47}.Debug|Any CPU.ActiveCfg = Debug|Any CPU
		{0488D330-94FB-4BF3-A978-D1FEF9275F47}.Debug|Any CPU.Build.0 = Debug|Any CPU
		{0488D330-94FB-4BF3-A978-D1FEF9275F47}.Release|Any CPU.ActiveCfg = Release|Any CPU
		{0488D330-94FB-4BF3-A978-D1FEF9275F47}.Release|Any CPU.Build.0 = Release|Any CPU
		{2182B3D1-80BE-4D6F-842C-3DF2EF924908}.Debug|Any CPU.ActiveCfg = Debug|Any CPU
		{2182B3D1-80BE-4D6F-842C-3DF2EF924908}.Debug|Any CPU.Build.0 = Debug|Any CPU
		{2182B3D1-80BE-4D6F-842C-3DF2EF924908}.Release|Any CPU.ActiveCfg = Release|Any CPU
		{2182B3D1-80BE-4D6F-842C-3DF2EF924908}.Release|Any CPU.Build.0 = Release|Any CPU
		{8CD75B53-F829-409C-B62F-8006A04999EB}.Debug|Any CPU.ActiveCfg = Debug|Any CPU
		{8CD75B53-F829-409C-B62F-8006A04999EB}.Debug|Any CPU.Build.0 = Debug|Any CPU
		{8CD75B53-F829-409C-B62F-8006A04999EB}.Release|Any CPU.ActiveCfg = Release|Any CPU
		{8CD75B53-F829-409C-B62F-8006A04999EB}.Release|Any CPU.Build.0 = Release|Any CPU
		{6BBA108E-0565-4BAE-908A-E55E331F35CD}.Debug|Any CPU.ActiveCfg = Debug|Any CPU
		{6BBA108E-0565-4BAE-908A-E55E331F35CD}.Debug|Any CPU.Build.0 = Debug|Any CPU
		{6BBA108E-0565-4BAE-908A-E55E331F35CD}.Release|Any CPU.ActiveCfg = Release|Any CPU
		{6BBA108E-0565-4BAE-908A-E55E331F35CD}.Release|Any CPU.Build.0 = Release|Any CPU
		{06FF9C2A-7B84-4CA8-839F-80046F56F698}.Debug|Any CPU.ActiveCfg = Debug|Any CPU
		{06FF9C2A-7B84-4CA8-839F-80046F56F698}.Debug|Any CPU.Build.0 = Debug|Any CPU
		{06FF9C2A-7B84-4CA8-839F-80046F56F698}.Release|Any CPU.ActiveCfg = Release|Any CPU
		{06FF9C2A-7B84-4CA8-839F-80046F56F698}.Release|Any CPU.Build.0 = Release|Any CPU
		{632285CA-E3BC-48D9-845A-1D574631BE70}.Debug|Any CPU.ActiveCfg = Debug|Any CPU
		{632285CA-E3BC-48D9-845A-1D574631BE70}.Debug|Any CPU.Build.0 = Debug|Any CPU
		{632285CA-E3BC-48D9-845A-1D574631BE70}.Release|Any CPU.ActiveCfg = Release|Any CPU
		{632285CA-E3BC-48D9-845A-1D574631BE70}.Release|Any CPU.Build.0 = Release|Any CPU
		{F52D14D6-4AFE-4C2C-81CF-0603D01B0296}.Debug|Any CPU.ActiveCfg = Debug|Any CPU
		{F52D14D6-4AFE-4C2C-81CF-0603D01B0296}.Debug|Any CPU.Build.0 = Debug|Any CPU
		{F52D14D6-4AFE-4C2C-81CF-0603D01B0296}.Release|Any CPU.ActiveCfg = Release|Any CPU
		{F52D14D6-4AFE-4C2C-81CF-0603D01B0296}.Release|Any CPU.Build.0 = Release|Any CPU
		{4EF57007-76BE-4B99-96CC-9CE972627467}.Debug|Any CPU.ActiveCfg = Debug|Any CPU
		{4EF57007-76BE-4B99-96CC-9CE972627467}.Debug|Any CPU.Build.0 = Debug|Any CPU
		{4EF57007-76BE-4B99-96CC-9CE972627467}.Release|Any CPU.ActiveCfg = Release|Any CPU
		{4EF57007-76BE-4B99-96CC-9CE972627467}.Release|Any CPU.Build.0 = Release|Any CPU
		{B3F7F991-5498-41B8-AE3C-F28C959E3864}.Debug|Any CPU.ActiveCfg = Debug|Any CPU
		{B3F7F991-5498-41B8-AE3C-F28C959E3864}.Debug|Any CPU.Build.0 = Debug|Any CPU
		{B3F7F991-5498-41B8-AE3C-F28C959E3864}.Release|Any CPU.ActiveCfg = Release|Any CPU
		{B3F7F991-5498-41B8-AE3C-F28C959E3864}.Release|Any CPU.Build.0 = Release|Any CPU
	EndGlobalSection
	GlobalSection(SolutionProperties) = preSolution
		HideSolutionNode = FALSE
	EndGlobalSection
	GlobalSection(NestedProjects) = preSolution
		{35913D45-D258-45A3-A1C9-BD9F36CA33C6} = {B3BCD876-006A-4D1E-ABCE-6FFA43FA6362}
		{6CC41813-6D83-48BD-A667-429A446BA7AB} = {B3BCD876-006A-4D1E-ABCE-6FFA43FA6362}
		{DE41D735-B23C-4B51-9AEB-958468E60328} = {5FFDF28F-D695-4BC8-963E-DF6CEA376900}
		{5FA85229-9240-406B-8843-09BBFA6BA309} = {C45E45B1-120C-443E-8B7D-79747C9B33F2}
		{5D586B2C-34C0-463B-AF11-04D3BD364D7F} = {631F2078-490B-494C-9B91-CCE2918E961D}
		{ADB64626-FDE2-4DEF-A8B6-1E0B9ECEEA0A} = {C420A1F1-6F82-49A3-9670-C6EDAB779D0C}
		{B6D581FB-DCC8-426F-BF1A-78E57BB452AD} = {C420A1F1-6F82-49A3-9670-C6EDAB779D0C}
		{8F79FC23-ADB6-4A22-BEC9-412A34A43EFE} = {631F2078-490B-494C-9B91-CCE2918E961D}
		{82A83921-E067-4B11-9F03-43386E6A7FC2} = {8F79FC23-ADB6-4A22-BEC9-412A34A43EFE}
		{8298E5E4-14D1-4020-8703-8F3378F95317} = {8F79FC23-ADB6-4A22-BEC9-412A34A43EFE}
		{CE8C6579-341B-408A-ABF6-5EE097582CAC} = {C45E45B1-120C-443E-8B7D-79747C9B33F2}
		{74F8D7A3-7A14-4DB8-BA00-E5AFD2469EE3} = {8F79FC23-ADB6-4A22-BEC9-412A34A43EFE}
		{8AD19099-1741-4B75-A6EC-676925874656} = {C45E45B1-120C-443E-8B7D-79747C9B33F2}
		{AEF4282A-93B3-4732-85BB-6C9C267ED0DE} = {8AD19099-1741-4B75-A6EC-676925874656}
		{0488D330-94FB-4BF3-A978-D1FEF9275F47} = {5FFDF28F-D695-4BC8-963E-DF6CEA376900}
		{2182B3D1-80BE-4D6F-842C-3DF2EF924908} = {8AD19099-1741-4B75-A6EC-676925874656}
		{8CD75B53-F829-409C-B62F-8006A04999EB} = {8AD19099-1741-4B75-A6EC-676925874656}
		{6BBA108E-0565-4BAE-908A-E55E331F35CD} = {5FFDF28F-D695-4BC8-963E-DF6CEA376900}
		{A18A1D4A-A08B-4AF6-8BD5-8C032218C122} = {631F2078-490B-494C-9B91-CCE2918E961D}
		{2EF58956-4B3A-475D-ACEF-6E565BD76BEF} = {A18A1D4A-A08B-4AF6-8BD5-8C032218C122}
		{2D6FD884-72B2-4DD2-8BE4-E7F40C0F630E} = {A18A1D4A-A08B-4AF6-8BD5-8C032218C122}
		{06FF9C2A-7B84-4CA8-839F-80046F56F698} = {2EF58956-4B3A-475D-ACEF-6E565BD76BEF}
		{632285CA-E3BC-48D9-845A-1D574631BE70} = {2D6FD884-72B2-4DD2-8BE4-E7F40C0F630E}
		{F52D14D6-4AFE-4C2C-81CF-0603D01B0296} = {2EF58956-4B3A-475D-ACEF-6E565BD76BEF}
		{4EF57007-76BE-4B99-96CC-9CE972627467} = {2D6FD884-72B2-4DD2-8BE4-E7F40C0F630E}
		{B3F7F991-5498-41B8-AE3C-F28C959E3864} = {A18A1D4A-A08B-4AF6-8BD5-8C032218C122}
	EndGlobalSection
	GlobalSection(ExtensibilityGlobals) = postSolution
		SolutionGuid = {49F7DB13-FD2D-4264-81C8-F738F6FEE5AE}
	EndGlobalSection
EndGlobal
